
Microsoft Visual Studio Solution File, Format Version 12.00
# Visual Studio 14
VisualStudioVersion = 14.0.25420.1
MinimumVisualStudioVersion = 10.0.40219.1
Project("{2150E333-8FDC-42A3-9474-1A3956D46DE8}") = "src", "src", "{2C8E89D6-EF22-4549-A781-3210DF72B048}"
EndProject
Project("{2150E333-8FDC-42A3-9474-1A3956D46DE8}") = "Solution Items", "Solution Items", "{7CFFD9AE-0E5A-43E6-BA82-03F7FD16ECB9}"
	ProjectSection(SolutionItems) = preProject
		global.json = global.json
	EndProjectSection
EndProject
Project("{8BB2217D-0F2D-49D1-97BC-3654ED321F3B}") = "DockerTestWebApplication", "src\DockerTestWebApplication\DockerTestWebApplication.xproj", "{EB51975B-EF59-4987-9A83-6D38622ABDA7}"
EndProject
Global
	GlobalSection(SolutionConfigurationPlatforms) = preSolution
		Debug|Any CPU = Debug|Any CPU
		Release|Any CPU = Release|Any CPU
	EndGlobalSection
	GlobalSection(ProjectConfigurationPlatforms) = postSolution
		{EB51975B-EF59-4987-9A83-6D38622ABDA7}.Debug|Any CPU.ActiveCfg = Debug|Any CPU
		{EB51975B-EF59-4987-9A83-6D38622ABDA7}.Debug|Any CPU.Build.0 = Debug|Any CPU
		{EB51975B-EF59-4987-9A83-6D38622ABDA7}.Release|Any CPU.ActiveCfg = Release|Any CPU
		{EB51975B-EF59-4987-9A83-6D38622ABDA7}.Release|Any CPU.Build.0 = Release|Any CPU
	EndGlobalSection
	GlobalSection(SolutionProperties) = preSolution
		HideSolutionNode = FALSE
	EndGlobalSection
	GlobalSection(NestedProjects) = preSolution
		{EB51975B-EF59-4987-9A83-6D38622ABDA7} = {2C8E89D6-EF22-4549-A781-3210DF72B048}
	EndGlobalSection
EndGlobal
